lockfileVersion: '9.0'

settings:
  autoInstallPeers: true
  excludeLinksFromLockfile: false

importers:

  .:
    dependencies:
      sharp:
        specifier: ^0.35.1
        version: 0.35.1
      unrs-resolver:
        specifier: ^1.12.2
        version: 1.12.2
      use-debounce:
        specifier: ^10.1.1
        version: 10.1.1(react@19.2.7)

packages:

  '@emnapi/core@1.10.0':
    resolution: {integrity: sha512-yq6OkJ4p82CAfPl0u9mQebQHKPJkY7WrIuk205cTYnYe+k2Z8YBh11FrbRG/H6ihirqcacOgl2BIO8oyMQLeXw==}

  '@emnapi/runtime@1.10.0':
    resolution: {integrity: sha512-ewvYlk86xUoGI0zQRNq/mC+16R1QeDlKQy21Ki3oSYXNgLb45GV1P6A0M+/s6nyCuNDqe5VpaY84BzXGwVbwFA==}

  '@emnapi/runtime@1.11.1':
    resolution: {integrity: sha512-vgj7R3y3Wgx24IQaGPA/R6YFXLHVMOZ0uVEyIQPaWs+rd1AzfEMXlAC22FYwO1XkKR6NPsq7mUandH8oIRdZFw==}

  '@emnapi/wasi-threads@1.2.1':
    resolution: {integrity: sha512-uTII7OYF+/Mes/MrcIOYp5yOtSMLBWSIoLPpcgwipoiKbli6k322tcoFsxoIIxPDqW01SQGAgko4EzZi2BNv2w==}

  '@img/colour@1.1.0':
    resolution: {integrity: sha512-Td76q7j57o/tLVdgS746cYARfSyxk8iEfRxewL9h4OMzYhbW4TAcppl0mT4eyqXddh6L/jwoM75mo7ixa/pCeQ==}
    engines: {node: '>=18'}

  '@img/sharp-darwin-arm64@0.35.1':
    resolution: {integrity: sha512-T15JRWOubQ3f5+GxnWeIvo47u5qV0M9HBgJhT+f2gE1e9e6OhR6K73Re52Hm80qWcu1DNb3GweKmpr/MnuP2Ow==}
    engines: {node: '>=20.9.0'}
    cpu: [arm64]
    os: [darwin]

  '@img/sharp-darwin-x64@0.35.1':
    resolution: {integrity: sha512-t1CPD0cr7XCHjwUj6tQ5MC0pCi866I+gUW6zbUX4aFPnKd1DFBtk0M+gWcjX8VeEzgfCNiSiNTVFZ6b7kvdbnQ==}
    engines: {node: '>=20.9.0'}
    cpu: [x64]
    os: [darwin]

  '@img/sharp-freebsd-wasm32@0.35.1':
    resolution: {integrity: sha512-MBSQXqNPThW9EcZ905H6N4sEdX5EwZEYzGx5EBq9ncDCGJALMiY1xPFJxNdzuB1iBjLOpIfxajM6YxdvwmQSLA==}
    engines: {node: '>=20.9.0'}
    os: [freebsd]

  '@img/sharp-libvips-darwin-arm64@1.3.0':
    resolution: {integrity: sha512-EKbmBKtyTH+GPFDRw2TgK2oV6hyxxlJVIar4hoTYSNmIwipgMFdxPQqR392GmfdsPGWga0mCFN1cCKjRb9cljw==}
    cpu: [arm64]
    os: [darwin]

  '@img/sharp-libvips-darwin-x64@1.3.0':
    resolution: {integrity: sha512-Pl2OmOvrJ42adUllESxBsG54PfXLo1OYg9i3c5/5Ln/qJ0gZuTM9YMhQJPIbXqwidLRc/c2zuHt4RsrymmNv7A==}
    cpu: [x64]
    os: [darwin]

  '@img/sharp-libvips-linux-arm64@1.3.0':
    resolution: {integrity: sha512-C0SqjoFKnszqa44EQ7xoaT48nnO0lOyXEULfXMWi8krrjOPGYkeK30Okzla6ATbBYsyZ0ySinK0FVkpv3DwzfQ==}
    cpu: [arm64]
    os: [linux]
    libc: [glibc]

  '@img/sharp-libvips-linux-arm@1.3.0':
    resolution: {integrity: sha512-A8UpHoUDW4DwnXoV6+q3C1s7QLRAHtPDEjWuNZjwHMyoCNZnm0GeNN8ls9f/bsEYTRQRW96C/n34XJQHJ2fT7A==}
    cpu: [arm]
    os: [linux]
    libc: [glibc]

  '@img/sharp-libvips-linux-ppc64@1.3.0':
    resolution: {integrity: sha512-WOpkVxAjFd369iaIzEgNRreFD+gWdUMIGD5zplhNKNeqS6mm5dac3q2AFyCBmzYoAdouzZvRBgxy4z8QHZb4/A==}
    cpu: [ppc64]
    os: [linux]
    libc: [glibc]

  '@img/sharp-libvips-linux-riscv64@1.3.0':
    resolution: {integrity: sha512-DRWw0mOHusrCCuw2rqP87oLg6PGlkomVDFqw2hIwsSfwWpu4k3XLcBPaKKl6ct/GtL/cwNkgwjV/tc0Mqht3VA==}
    cpu: [riscv64]
    os: [linux]
    libc: [glibc]

  '@img/sharp-libvips-linux-s390x@1.3.0':
    resolution: {integrity: sha512-9APy+nFWhHS+kzLgWZfLcyrUd7YqnAQVa4BPOo4xkoHpdoktOAPG4cEr9+Jpl0TtqfVmcMJimNL5qNTyyOHZNA==}
    cpu: [s390x]
    os: [linux]
    libc: [glibc]

  '@img/sharp-libvips-linux-x64@1.3.0':
    resolution: {integrity: sha512-y9RNUYDe2A1UAdhLyfeOodGRszQdaEoe4nfOpp/sNVPl2CWIcUyFaDoCh4vPLPxu19803j2naLqZup2WxDXCLA==}
    cpu: [x64]
    os: [linux]
    libc: [glibc]

  '@img/sharp-libvips-linuxmusl-arm64@1.3.0':
    resolution: {integrity: sha512-cC1wkC0Mlucd0KSiGrLkJnB/ZqPvZCntc/Lk7ZnYO5ZSbF2euNek4Xvxafojq+wN1q/W0eprdpUIjUr/EV2PBg==}
    cpu: [arm64]
    os: [linux]
    libc: [musl]

  '@img/sharp-libvips-linuxmusl-x64@1.3.0':
    resolution: {integrity: sha512-LiYMhUZicB1QG//+RvmYZpXJO8fYRENfp+MZUCnG9aw+AKvGAy9gPaCnuwsPcBFs8EV66M0NNxj9VHcNklE8zw==}
    cpu: [x64]
    os: [linux]
    libc: [musl]

  '@img/sharp-linux-arm64@0.35.1':
    resolution: {integrity: sha512-ErCRyGU7LeoaFBZ0xW8hhLlXzhAg80sc4vxePB86qvtEvW1jEhhmbiNBP4oEzZfPMnu6HwHXfzD2W2kBU+RnCw==}
    engines: {node: '>=20.9.0'}
    cpu: [arm64]
    os: [linux]
    libc: [glibc]

  '@img/sharp-linux-arm@0.35.1':
    resolution: {integrity: sha512-jygmR02PpCYypt7xB7nst1vqjZp/BpRA/Kf9nK7qRponJ/KrLPaZWEG4G15z1d2FZ6XqI+T0350ha3RSnKx24A==}
    engines: {node: '>=20.9.0'}
    cpu: [arm]
    os: [linux]
    libc: [glibc]

  '@img/sharp-linux-ppc64@0.35.1':
    resolution: {integrity: sha512-LUWZ2+r2UoLCd8j0RLCwQ4gL6w47+Y7igxtVnPIDXOOEjV86LpBkAHq5VpJeg+GHbw0KN/JWlPJOdZjyZnFqFQ==}
    engines: {node: '>=20.9.0'}
    cpu: [ppc64]
    os: [linux]
    libc: [glibc]

  '@img/sharp-linux-riscv64@0.35.1':
    resolution: {integrity: sha512-i7x6J3mwF4JgT0sM4V4WlAWdJ0bucPtA9rzO1bTji1n5qgBq/W5nn87RvOQPleuuxahNoLdTngByD8/vDDLArw==}
    engines: {node: '>=20.9.0'}
    cpu: [riscv64]
    os: [linux]
    libc: [glibc]

  '@img/sharp-linux-s390x@0.35.1':
    resolution: {integrity: sha512-0zSaTUjTF0kIWTSYxD4EG/nvCU4jez53+3RdURtoY3HvbXtIQ98W90JnrGz/oLRFuEnfIy9+7xeq883euc0ZWw==}
    engines: {node: '>=20.9.0'}
    cpu: [s390x]
    os: [linux]
    libc: [glibc]

  '@img/sharp-linux-x64@0.35.1':
    resolution: {integrity: sha512-NbJD4mWdeyrNQKluO/tR/wBDOelcowSVGNBWxI0e3ZtlXc6F/UOVKDj1MLD4zl3oHTuvKW3s+MA9N54YTldAYw==}
    engines: {node: '>=20.9.0'}
    cpu: [x64]
    os: [linux]
    libc: [glibc]

  '@img/sharp-linuxmusl-arm64@0.35.1':
    resolution: {integrity: sha512-VoW2sQCWI+0YIKQEmWJ8vzaQjTg9wIyfkFpvEfAS2h43X6iHu7GTk1hhOgB4IpSzCHe8UwQZIcx7b81VTaOrJA==}
    engines: {node: '>=20.9.0'}
    cpu: [arm64]
    os: [linux]
    libc: [musl]

  '@img/sharp-linuxmusl-x64@0.35.1':
    resolution: {integrity: sha512-LjBoSd/c5JU0/K5MwzDMlgsSRP2bPn98JQGFFQAOLQ0bU/1z4ekxUdSKY9BmlwSh/cA+OrvpgsWqfZyYfVHBRw==}
    engines: {node: '>=20.9.0'}
    cpu: [x64]
    os: [linux]
    libc: [musl]

  '@img/sharp-wasm32@0.35.1':
    resolution: {integrity: sha512-PCQUoQdZyE8tp3HpbevuihfUmgSP4qWI0FGEPWoeXqaS+cUrFfemabHQiebUmUmlUhCuNnQMxGrQ+CPqK4hnxg==}
    engines: {node: '>=20.9.0'}

  '@img/sharp-webcontainers-wasm32@0.35.1':
    resolution: {integrity: sha512-xU2ml2bU2OPxYVvW2A6ae4M1g5QKyhKG06P4FAt+YEaFQQO0919Qx+XxIZEUuWTMoDViLpMws2/dQwoe/VcA6A==}
    engines: {node: '>=20.9.0'}
    cpu: [wasm32]

  '@img/sharp-win32-arm64@0.35.1':
    resolution: {integrity: sha512-IkmHwuFhYpd3bTsN5SAahjwhiAcyXPooBt8vEUgxY3T0IP70sSJ0nU1xiPzZY8AH/OB1XpV3j8aZSVSOSfTbdA==}
    engines: {node: '>=20.9.0'}
    cpu: [arm64]
    os: [win32]

  '@img/sharp-win32-ia32@0.35.1':
    resolution: {integrity: sha512-wQahqCi9MD8Yxzg4gVM4fNrZxh+r6vD55PyIg+WJPaM5ZRUyF35iQpwJCuma3r6viU9/8Pxlc+XHV+woVa6nCQ==}
    engines: {node: ^20.9.0}
    cpu: [ia32]
    os: [win32]

  '@img/sharp-win32-x64@0.35.1':
    resolution: {integrity: sha512-WzBtkYtZHATLPe8XRharxZXxQ9cdLrQWHiwxt+BJ5rBsisQrKeeV86ErxPSVhcG6xCEuNhs0SqLpWr7XDa2k6w==}
    engines: {node: '>=20.9.0'}
    cpu: [x64]
    os: [win32]

  '@napi-rs/wasm-runtime@1.1.5':
    resolution: {integrity: sha512-AWPoBRJ9tsnVhor4sjO7rkni+7p+2IAEFj6cx06UgP10jkQHqay/36uRV/bFkgrh18D9vb4cr8Q0Pthskgzy+Q==}
    peerDependencies:
      '@emnapi/core': ^1.7.1
      '@emnapi/runtime': ^1.7.1

  '@tybys/wasm-util@0.10.2':
    resolution: {integrity: sha512-RoBvJ2X0wuKlWFIjrwffGw1IqZHKQqzIchKaadZZfnNpsAYp2mM0h36JtPCjNDAHGgYez/15uMBpfGwchhiMgg==}

  '@unrs/resolver-binding-android-arm-eabi@1.12.2':
    resolution: {integrity: sha512-g5T90pqg1bo/7mytQx6F4iBNC0Wsh9cu+z9veDbFjc7HjpesJFWD7QMS0NGStXM075+7dJPPVvBbpZlnrdpi/w==}
    cpu: [arm]
    os: [android]

  '@unrs/resolver-binding-android-arm64@1.12.2':
    resolution: {integrity: sha512-YGCRZv/9GLhwmz6mYDeTsm/92BAyR28l6c2ReweVW5pWgfsitWLY8upvfRlGdoyD8HjeTHSYJWyZGD4KJA/nFQ==}
    cpu: [arm64]
    os: [android]

  '@unrs/resolver-binding-darwin-arm64@1.12.2':
    resolution: {integrity: sha512-u9DiNT1auQMO20A9SyTuG3wUgQWB9Z7KjAg0uFuCDR1FsAY8A0CG2S6JpHS1xwm/w1G08bjXZDcyOCjv1WAm2w==}
    cpu: [arm64]
    os: [darwin]

  '@unrs/resolver-binding-darwin-x64@1.12.2':
    resolution: {integrity: sha512-f7rPLi/T1HVKZu/u6t87lroib16n8vrSzcyxI7lg4BGO9UF26KhQL44sd9eOUgrTYhvRXtWOIZT5PejdPyJfUA==}
    cpu: [x64]
    os: [darwin]

  '@unrs/resolver-binding-freebsd-x64@1.12.2':
    resolution: {integrity: sha512-BpcOjWCJub6nRZUS2zA20pmLvjtqAtGejETaIyRLiZiQf++cbrjltLA5NN/xaXfqeOBOSlMFbemIl5/S5tljmg==}
    cpu: [x64]
    os: [freebsd]

  '@unrs/resolver-binding-linux-arm-gnueabihf@1.12.2':
    resolution: {integrity: sha512-vZTDvdSISZjJx66OzJqtsOhzifbqRjbmI1Mnu49fQDwog5GtDI4QidRiEAYbZCRj9C8YZEW+3ZjqsyS9GR4k2A==}
    cpu: [arm]
    os: [linux]

  '@unrs/resolver-binding-linux-arm-musleabihf@1.12.2':
    resolution: {integrity: sha512-BiPI+IrIlwcW4nLLMM21+B1dFPzd55yAVgVGrdgDjNef+ch03GdxrcyaIz8X9SsQirh/kCQ7mviyWlMxdh2D7g==}
    cpu: [arm]
    os: [linux]

  '@unrs/resolver-binding-linux-arm64-gnu@1.12.2':
    resolution: {integrity: sha512-zJc0H99FEPoFfSrNpa91HYfxzfAJCr502oxNK1cfdC9hlaFI43RT+JFCann9JUgZmLzzntChHyn13Sgn9ljHNg==}
    cpu: [arm64]
    os: [linux]
    libc: [glibc]

  '@unrs/resolver-binding-linux-arm64-musl@1.12.2':
    resolution: {integrity: sha512-KQ3Lki6l+Pz1k/eBipN41ES+YUK30beLGb9YqcB1O542cyLCNE6GaxrfcY3T6EezmGGk84wb5XyO9loTM9tkcA==}
    cpu: [arm64]
    os: [linux]
    libc: [musl]

  '@unrs/resolver-binding-linux-loong64-gnu@1.12.2':
    resolution: {integrity: sha512-3SJGEh1DborhG6pyxvhPzCT4bbSIVihsvgJc13P1bHG7KLdNDaF9T3gsTwFc7Jw/5Y5/iWOjkEx7Zy0NvCGX3Q==}
    cpu: [loong64]
    os: [linux]
    libc: [glibc]

  '@unrs/resolver-binding-linux-loong64-musl@1.12.2':
    resolution: {integrity: sha512-jiuG/Obbel7uw1PwHNFfrkiKhLAF6mnyZ6aWlOAVN9WqKm8v0OFGnciJIHu8+CMvXLQ8AD51LPzAoUfT21D5Ew==}
    cpu: [loong64]
    os: [linux]
    libc: [musl]

  '@unrs/resolver-binding-linux-ppc64-gnu@1.12.2':
    resolution: {integrity: sha512-q7xRvVpmcfeL+LlZg8Pbbo6QaTZwDU5BaGZbwfhkEsXJn3Was8xYfE0RBH266xZt0rM6B7i8xAYIvjthuUIWHg==}
    cpu: [ppc64]
    os: [linux]
    libc: [glibc]

  '@unrs/resolver-binding-linux-riscv64-gnu@1.12.2':
    resolution: {integrity: sha512-0CVdx6lcnT3Q9inOH8tsMIOJ6ImndllMjqJHg8RLVdB7Vq4SfkEXl9mCSsVNuNA4MCYycRicCUxPCabVHJRr6A==}
    cpu: [riscv64]
    os: [linux]
    libc: [glibc]

  '@unrs/resolver-binding-linux-riscv64-musl@1.12.2':
    resolution: {integrity: sha512-iOwlRo9vnp6R6ohHQS11n0NnfdXx/omhkocmIfaPRpQhKZ+3BDMkkdRVh53qjkFkpPddf+FETA28NwGN7l5l+w==}
    cpu: [riscv64]
    os: [linux]
    libc: [musl]

  '@unrs/resolver-binding-linux-s390x-gnu@1.12.2':
    resolution: {integrity: sha512-HYJtLfXq94q8iZNFT1lknx258wlkkWhZeUXJRqzKBBUJ00CvZ+N33zgbCqimLjsyw5Va6uUxhVa12mI+kaveEw==}
    cpu: [s390x]
    os: [linux]
    libc: [glibc]

  '@unrs/resolver-binding-linux-x64-gnu@1.12.2':
    resolution: {integrity: sha512-mPsUhunKKDih5O96Y6enDQyHc1SqBPlY1E/SfMWDM3EdJ95Z9CArPeCVwCCqbP45ljvivdEk8Fxn+SIb1rDAJQ==}
    cpu: [x64]
    os: [linux]
    libc: [glibc]

  '@unrs/resolver-binding-linux-x64-musl@1.12.2':
    resolution: {integrity: sha512-azrt6+5ydLd8Vt210AAFis/lZevSfPw93EJRIJG+xPu4WCJ8K0kppCTpMyLPcKT7H15M4Jnt2tMp5bOvCkRC6A==}
    cpu: [x64]
    os: [linux]
    libc: [musl]

  '@unrs/resolver-binding-openharmony-arm64@1.12.2':
    resolution: {integrity: sha512-YZ9hP4O0X9PQb8eO980qmLNGH4zT3I9+SZTdt0Pr0YyuGQhYKoOZkV02VzrzyOZJ5xIJ3UFIenKkUkGg8GjgWQ==}
    cpu: [arm64]
    os: [openharmony]

  '@unrs/resolver-binding-wasm32-wasi@1.12.2':
    resolution: {integrity: sha512-tYFDIkMxSflfEc/h92ZWNsZlHSwgimbNHSO3PL2JWQHfCuC2q316jMyYU9TIWZsFK2bQwyK5VAdYgn8ygPj69A==}
    engines: {node: '>=14.0.0'}
    cpu: [wasm32]

  '@unrs/resolver-binding-win32-arm64-msvc@1.12.2':
    resolution: {integrity: sha512-qzNyg3xL0VPQmCaUh+N5jSitce6k+uCBfMDesWRnlULOZaqUkaJ0ybdT+UqlAWJoQjuqfIU/0Ptx9bteN4D82g==}
    cpu: [arm64]
    os: [win32]

  '@unrs/resolver-binding-win32-ia32-msvc@1.12.2':
    resolution: {integrity: sha512-WD9sY00OfpHVGfsnHZoA8jVT+esS/Bg8z8jzxp5BnDCjjwsuKsPQrzswwpFy4J1AUJbXPRfkpcX0mXrzeXW79g==}
    cpu: [ia32]
    os: [win32]

  '@unrs/resolver-binding-win32-x64-msvc@1.12.2':
    resolution: {integrity: sha512-nAB74NfSNKknqQ1RrYj6uz8FcXEomu/MATJZxh/x+BArzN2U3JbOYC0APYzUIGhVY3m5hRxA8VPNdPBoG8txlA==}
    cpu: [x64]
    os: [win32]

  detect-libc@2.1.2:
    resolution: {integrity: sha512-Btj2BOOO83o3WyH59e8MgXsxEQVcarkUOpEYrubB0urwnN10yQ364rsiByU11nZlqWYZm05i/of7io4mzihBtQ==}
    engines: {node: '>=8'}

  napi-postinstall@0.3.4:
    resolution: {integrity: sha512-PHI5f1O0EP5xJ9gQmFGMS6IZcrVvTjpXjz7Na41gTE7eE2hK11lg04CECCYEEjdc17EV4DO+fkGEtt7TpTaTiQ==}
    engines: {node: ^12.20.0 || ^14.18.0 || >=16.0.0}
    hasBin: true

  react@19.2.7:
    resolution: {integrity: sha512-HNe9WslTbXmFK8o8cmwgAeJFSBvt1bPdHCVKtaaV+WlAN36mpT4hcRpwbf3fY56ar2oIXzsBpOAiIRHAdY0OlQ==}
    engines: {node: '>=0.10.0'}

  semver@7.8.4:
    resolution: {integrity: sha512-rUCObTnP32Q08R2uuIrt7r9PlEonuTmtuXYcW6s5kjdlj3xbnwe+21yXptAUYcMAABLkYYTtnmzb3w3EDZfueA==}
    engines: {node: '>=10'}
    hasBin: true

  sharp@0.35.1:
    resolution: {integrity: sha512-lW979AMi+ESidzMv/Lnv+F9bknzLyxLqFI05Sm433vOeRcltgxQmXpnfOOFIAlKtwXU/ksupm2srQoFCkR214g==}
    engines: {node: '>=20.9.0'}

  tslib@2.8.1:
    resolution: {integrity: sha512-oJFu94HQb+KVduSUQL7wnpmqnfmLsOA/nAh6b6EH0wCEoK0/mPeXU6c3wKDV83MkOuHPRHtSXKKU99IBazS/2w==}

  unrs-resolver@1.12.2:
    resolution: {integrity: sha512-dmlRxBJJayXjqTwC+JtF1HhJmgf3ftQ3YejFcZrf4+KKtJv0qDsK1pjqaaVjG7wJ5NJ6UVP1OqRMQ71Z4C3rxQ==}

  use-debounce@10.1.1:
    resolution: {integrity: sha512-kvds8BHR2k28cFsxW8k3nc/tRga2rs1RHYCqmmGqb90MEeE++oALwzh2COiuBLO1/QXiOuShXoSN2ZpWnMmvuQ==}
    engines: {node: '>= 16.0.0'}
    peerDependencies:
      react: '*'

snapshots:

  '@emnapi/core@1.10.0':
    dependencies:
      '@emnapi/wasi-threads': 1.2.1
      tslib: 2.8.1
    optional: true

  '@emnapi/runtime@1.10.0':
    dependencies:
      tslib: 2.8.1
    optional: true

  '@emnapi/runtime@1.11.1':
    dependencies:
      tslib: 2.8.1
    optional: true

  '@emnapi/wasi-threads@1.2.1':
    dependencies:
      tslib: 2.8.1
    optional: true

  '@img/colour@1.1.0': {}

  '@img/sharp-darwin-arm64@0.35.1':
    optionalDependencies:
      '@img/sharp-libvips-darwin-arm64': 1.3.0
    optional: true

  '@img/sharp-darwin-x64@0.35.1':
    optionalDependencies:
      '@img/sharp-libvips-darwin-x64': 1.3.0
    optional: true

  '@img/sharp-freebsd-wasm32@0.35.1':
    dependencies:
      '@img/sharp-wasm32': 0.35.1
    optional: true

  '@img/sharp-libvips-darwin-arm64@1.3.0':
    optional: true

  '@img/sharp-libvips-darwin-x64@1.3.0':
    optional: true

  '@img/sharp-libvips-linux-arm64@1.3.0':
    optional: true

  '@img/sharp-libvips-linux-arm@1.3.0':
    optional: true

  '@img/sharp-libvips-linux-ppc64@1.3.0':
    optional: true

  '@img/sharp-libvips-linux-riscv64@1.3.0':
    optional: true

  '@img/sharp-libvips-linux-s390x@1.3.0':
    optional: true

  '@img/sharp-libvips-linux-x64@1.3.0':
    optional: true

  '@img/sharp-libvips-linuxmusl-arm64@1.3.0':
    optional: true

  '@img/sharp-libvips-linuxmusl-x64@1.3.0':
    optional: true

  '@img/sharp-linux-arm64@0.35.1':
    optionalDependencies:
      '@img/sharp-libvips-linux-arm64': 1.3.0
    optional: true

  '@img/sharp-linux-arm@0.35.1':
    optionalDependencies:
      '@img/sharp-libvips-linux-arm': 1.3.0
    optional: true

  '@img/sharp-linux-ppc64@0.35.1':
    optionalDependencies:
      '@img/sharp-libvips-linux-ppc64': 1.3.0
    optional: true

  '@img/sharp-linux-riscv64@0.35.1':
    optionalDependencies:
      '@img/sharp-libvips-linux-riscv64': 1.3.0
    optional: true

  '@img/sharp-linux-s390x@0.35.1':
    optionalDependencies:
      '@img/sharp-libvips-linux-s390x': 1.3.0
    optional: true

  '@img/sharp-linux-x64@0.35.1':
    optionalDependencies:
      '@img/sharp-libvips-linux-x64': 1.3.0
    optional: true

  '@img/sharp-linuxmusl-arm64@0.35.1':
    optionalDependencies:
      '@img/sharp-libvips-linuxmusl-arm64': 1.3.0
    optional: true

  '@img/sharp-linuxmusl-x64@0.35.1':
    optionalDependencies:
      '@img/sharp-libvips-linuxmusl-x64': 1.3.0
    optional: true

  '@img/sharp-wasm32@0.35.1':
    dependencies:
      '@emnapi/runtime': 1.11.1
    optional: true

  '@img/sharp-webcontainers-wasm32@0.35.1':
    dependencies:
      '@img/sharp-wasm32': 0.35.1
    optional: true

  '@img/sharp-win32-arm64@0.35.1':
    optional: true

  '@img/sharp-win32-ia32@0.35.1':
    optional: true

  '@img/sharp-win32-x64@0.35.1':
    optional: true

  '@napi-rs/wasm-runtime@1.1.5(@emnapi/core@1.10.0)(@emnapi/runtime@1.10.0)':
    dependencies:
      '@emnapi/core': 1.10.0
      '@emnapi/runtime': 1.10.0
      '@tybys/wasm-util': 0.10.2
    optional: true

  '@tybys/wasm-util@0.10.2':
    dependencies:
      tslib: 2.8.1
    optional: true

  '@unrs/resolver-binding-android-arm-eabi@1.12.2':
    optional: true

  '@unrs/resolver-binding-android-arm64@1.12.2':
    optional: true

  '@unrs/resolver-binding-darwin-arm64@1.12.2':
    optional: true

  '@unrs/resolver-binding-darwin-x64@1.12.2':
    optional: true

  '@unrs/resolver-binding-freebsd-x64@1.12.2':
    optional: true

  '@unrs/resolver-binding-linux-arm-gnueabihf@1.12.2':
    optional: true

  '@unrs/resolver-binding-linux-arm-musleabihf@1.12.2':
    optional: true

  '@unrs/resolver-binding-linux-arm64-gnu@1.12.2':
    optional: true

  '@unrs/resolver-binding-linux-arm64-musl@1.12.2':
    optional: true

  '@unrs/resolver-binding-linux-loong64-gnu@1.12.2':
    optional: true

  '@unrs/resolver-binding-linux-loong64-musl@1.12.2':
    optional: true

  '@unrs/resolver-binding-linux-ppc64-gnu@1.12.2':
    optional: true

  '@unrs/resolver-binding-linux-riscv64-gnu@1.12.2':
    optional: true

  '@unrs/resolver-binding-linux-riscv64-musl@1.12.2':
    optional: true

  '@unrs/resolver-binding-linux-s390x-gnu@1.12.2':
    optional: true

  '@unrs/resolver-binding-linux-x64-gnu@1.12.2':
    optional: true

  '@unrs/resolver-binding-linux-x64-musl@1.12.2':
    optional: true

  '@unrs/resolver-binding-openharmony-arm64@1.12.2':
    optional: true

  '@unrs/resolver-binding-wasm32-wasi@1.12.2':
    dependencies:
      '@emnapi/core': 1.10.0
      '@emnapi/runtime': 1.10.0
      '@napi-rs/wasm-runtime': 1.1.5(@emnapi/core@1.10.0)(@emnapi/runtime@1.10.0)
    optional: true

  '@unrs/resolver-binding-win32-arm64-msvc@1.12.2':
    optional: true

  '@unrs/resolver-binding-win32-ia32-msvc@1.12.2':
    optional: true

  '@unrs/resolver-binding-win32-x64-msvc@1.12.2':
    optional: true

  detect-libc@2.1.2: {}

  napi-postinstall@0.3.4: {}

  react@19.2.7: {}

  semver@7.8.4: {}

  sharp@0.35.1:
    dependencies:
      '@img/colour': 1.1.0
      detect-libc: 2.1.2
      semver: 7.8.4
    optionalDependencies:
      '@img/sharp-darwin-arm64': 0.35.1
      '@img/sharp-darwin-x64': 0.35.1
      '@img/sharp-freebsd-wasm32': 0.35.1
      '@img/sharp-libvips-darwin-arm64': 1.3.0
      '@img/sharp-libvips-darwin-x64': 1.3.0
      '@img/sharp-libvips-linux-arm': 1.3.0
      '@img/sharp-libvips-linux-arm64': 1.3.0
      '@img/sharp-libvips-linux-ppc64': 1.3.0
      '@img/sharp-libvips-linux-riscv64': 1.3.0
      '@img/sharp-libvips-linux-s390x': 1.3.0
      '@img/sharp-libvips-linux-x64': 1.3.0
      '@img/sharp-libvips-linuxmusl-arm64': 1.3.0
      '@img/sharp-libvips-linuxmusl-x64': 1.3.0
      '@img/sharp-linux-arm': 0.35.1
      '@img/sharp-linux-arm64': 0.35.1
      '@img/sharp-linux-ppc64': 0.35.1
      '@img/sharp-linux-riscv64': 0.35.1
      '@img/sharp-linux-s390x': 0.35.1
      '@img/sharp-linux-x64': 0.35.1
      '@img/sharp-linuxmusl-arm64': 0.35.1
      '@img/sharp-linuxmusl-x64': 0.35.1
      '@img/sharp-webcontainers-wasm32': 0.35.1
      '@img/sharp-win32-arm64': 0.35.1
      '@img/sharp-win32-ia32': 0.35.1
      '@img/sharp-win32-x64': 0.35.1

  tslib@2.8.1:
    optional: true

  unrs-resolver@1.12.2:
    dependencies:
      napi-postinstall: 0.3.4
    optionalDependencies:
      '@unrs/resolver-binding-android-arm-eabi': 1.12.2
      '@unrs/resolver-binding-android-arm64': 1.12.2
      '@unrs/resolver-binding-darwin-arm64': 1.12.2
      '@unrs/resolver-binding-darwin-x64': 1.12.2
      '@unrs/resolver-binding-freebsd-x64': 1.12.2
      '@unrs/resolver-binding-linux-arm-gnueabihf': 1.12.2
      '@unrs/resolver-binding-linux-arm-musleabihf': 1.12.2
      '@unrs/resolver-binding-linux-arm64-gnu': 1.12.2
      '@unrs/resolver-binding-linux-arm64-musl': 1.12.2
      '@unrs/resolver-binding-linux-loong64-gnu': 1.12.2
      '@unrs/resolver-binding-linux-loong64-musl': 1.12.2
      '@unrs/resolver-binding-linux-ppc64-gnu': 1.12.2
      '@unrs/resolver-binding-linux-riscv64-gnu': 1.12.2
      '@unrs/resolver-binding-linux-riscv64-musl': 1.12.2
      '@unrs/resolver-binding-linux-s390x-gnu': 1.12.2
      '@unrs/resolver-binding-linux-x64-gnu': 1.12.2
      '@unrs/resolver-binding-linux-x64-musl': 1.12.2
      '@unrs/resolver-binding-openharmony-arm64': 1.12.2
      '@unrs/resolver-binding-wasm32-wasi': 1.12.2
      '@unrs/resolver-binding-win32-arm64-msvc': 1.12.2
      '@unrs/resolver-binding-win32-ia32-msvc': 1.12.2
      '@unrs/resolver-binding-win32-x64-msvc': 1.12.2

  use-debounce@10.1.1(react@19.2.7):
    dependencies:
      react: 19.2.7
